// !$*UTF8*$!
{
	archiveVersion = 1;
	classes = {
	};
	objectVersion = 46;
	objects = {

/* Begin PBXBuildFile section */
		5750ACF11ACA927C001AE9D4 /* main.m in Sources */ = {isa = PBXBuildFile; fileRef = 5750ACF01ACA927C001AE9D4 /* main.m */; };
		5750ACF41ACA927C001AE9D4 /* AppDelegate.m in Sources */ = {isa = PBXBuildFile; fileRef = 5750ACF31ACA927C001AE9D4 /* AppDelegate.m */; };
		5750ACF71ACA927C001AE9D4 /* VFHomeViewController.m in Sources */ = {isa = PBXBuildFile; fileRef = 5750ACF61ACA927C001AE9D4 /* VFHomeViewController.m */; };
		5750ACFA1ACA927C001AE9D4 /* Main.storyboard in Resources */ = {isa = PBXBuildFile; fileRef = 5750ACF81ACA927C001AE9D4 /* Main.storyboard */; };
		5750ACFC1ACA927C001AE9D4 /* Images.xcassets in Resources */ = {isa = PBXBuildFile; fileRef = 5750ACFB1ACA927C001AE9D4 /* Images.xcassets */; };
		5750ACFF1ACA927C001AE9D4 /* LaunchScreen.xib in Resources */ = {isa = PBXBuildFile; fileRef = 5750ACFD1ACA927C001AE9D4 /* LaunchScreen.xib */; };
		5750AD0B1ACA927C001AE9D4 /* VFWifiSyncTests.m in Sources */ = {isa = PBXBuildFile; fileRef = 5750AD0A1ACA927C001AE9D4 /* VFWifiSyncTests.m */; };
		AFFD623BF01B937ADDD9E724 /* libPods.a in Frameworks */ = {isa = PBXBuildFile; fileRef = FD1ABC3F8F6D5A8392C4EE8F /* libPods.a */; };
/* End PBXBuildFile section */

/* Begin PBXContainerItemProxy section */
		5750AD051ACA927C001AE9D4 /* PBXContainerItemProxy */ = {
			isa = PBXContainerItemProxy;
			containerPortal = 5750ACE31ACA927C001AE9D4 /* Project object */;
			proxyType = 1;
			remoteGlobalIDString = 5750ACEA1ACA927C001AE9D4;
			remoteInfo = VFWifiSync;
		};
/* End PBXContainerItemProxy section */

/* Begin PBXFileReference section */
		5750ACEB1ACA927C001AE9D4 /* VFWifiSync.app */ = {isa = PBXFileReference; explicitFileType = wrapper.application; includeInIndex = 0; path = VFWifiSync.app; sourceTree = BUILT_PRODUCTS_DIR; };
		5750ACEF1ACA927C001AE9D4 /* Info.plist */ = {isa = PBXFileReference; lastKnownFileType = text.plist.xml; path = Info.plist; sourceTree = "<group>"; };
		5750ACF01ACA927C001AE9D4 /* main.m */ = {isa = PBXFileReference; lastKnownFileType = sourcecode.c.objc; path = main.m; sourceTree = "<group>"; };
		5750ACF21ACA927C001AE9D4 /* AppDelegate.h */ = {isa = PBXFileReference; lastKnownFileType = sourcecode.c.h; path = AppDelegate.h; sourceTree = "<group>"; };
		5750ACF31ACA927C001AE9D4 /* AppDelegate.m */ = {isa = PBXFileReference; lastKnownFileType = sourcecode.c.objc; path = AppDelegate.m; sourceTree = "<group>"; };
		5750ACF51ACA927C001AE9D4 /* VFHomeViewController.h */ = {isa = PBXFileReference; lastKnownFileType = sourcecode.c.h; path = VFHomeViewController.h; sourceTree = "<group>"; };
		5750ACF61ACA927C001AE9D4 /* VFHomeViewController.m */ = {isa = PBXFileReference; lastKnownFileType = sourcecode.c.objc; path = VFHomeViewController.m; sourceTree = "<group>"; };
		5750ACF91ACA927C001AE9D4 /* Base */ = {isa = PBXFileReference; lastKnownFileType = file.storyboard; name = Base; path = Base.lproj/Main.storyboard; sourceTree = "<group>"; };
		5750ACFB1ACA927C001AE9D4 /* Images.xcassets */ = {isa = PBXFileReference; lastKnownFileType = folder.assetcatalog; path = Images.xcassets; sourceTree = "<group>"; };
		5750ACFE1ACA927C001AE9D4 /* Base */ = {isa = PBXFileReference; lastKnownFileType = file.xib; name = Base; path = Base.lproj/LaunchScreen.xib; sourceTree = "<group>"; };
		5750AD041ACA927C001AE9D4 /* VFWifiSyncTests.xctest */ = {isa = PBXFileReference; explicitFileType = wrapper.cfbundle; includeInIndex = 0; path = VFWifiSyncTests.xctest; sourceTree = BUILT_PRODUCTS_DIR; };
		5750AD091ACA927C001AE9D4 /* Info.plist */ = {isa = PBXFileReference; lastKnownFileType = text.plist.xml; path = Info.plist; sourceTree = "<group>"; };
		5750AD0A1ACA927C001AE9D4 /* VFWifiSyncTests.m */ = {isa = PBXFileReference; lastKnownFileType = sourcecode.c.objc; path = VFWifiSyncTests.m; sourceTree = "<group>"; };
		578A13D41ACB8D590038D80C /* ServerProtocols.h */ = {isa = PBXFileReference; fileEncoding = 4; lastKnownFileType = sourcecode.c.h; path = ServerProtocols.h; sourceTree = "<group>"; };
		DCB954580450E2F9F6A5D487 /* Pods.release.xcconfig */ = {isa = PBXFileReference; includeInIndex = 1; lastKnownFileType = text.xcconfig; name = Pods.release.xcconfig; path = "Pods/Target Support Files/Pods/Pods.release.xcconfig"; sourceTree = "<group>"; };
		F88EB7DABF718A951A906604 /* Pods.debug.xcconfig */ = {isa = PBXFileReference; includeInIndex = 1; lastKnownFileType = text.xcconfig; name = Pods.debug.xcconfig; path = "Pods/Target Support Files/Pods/Pods.debug.xcconfig"; sourceTree = "<group>"; };
		FD1ABC3F8F6D5A8392C4EE8F /* libPods.a */ = {isa = PBXFileReference; explicitFileType = archive.ar; includeInIndex = 0; path = libPods.a; sourceTree = BUILT_PRODUCTS_DIR; };
/* End PBXFileReference section */

/* Begin PBXFrameworksBuildPhase section */
		5750ACE81ACA927C001AE9D4 /* Frameworks */ = {
			isa = PBXFrameworksBuildPhase;
			buildActionMask = 2147483647;
			files = (
				AFFD623BF01B937ADDD9E724 /* libPods.a in Frameworks */,
			);
			runOnlyForDeploymentPostprocessing = 0;
		};
		5750AD011ACA927C001AE9D4 /* Frameworks */ = {
			isa = PBXFrameworksBuildPhase;
			buildActionMask = 2147483647;
			files = (
			);
			runOnlyForDeploymentPostprocessing = 0;
		};
/* End PBXFrameworksBuildPhase section */

/* Begin PBXGroup section */
		4B12FD2F025E1670AD414F81 /* Pods */ = {
			isa = PBXGroup;
			children = (
				F88EB7DABF718A951A906604 /* Pods.debug.xcconfig */,
				DCB954580450E2F9F6A5D487 /* Pods.release.xcconfig */,
			);
			name = Pods;
			sourceTree = "<group>";
		};
		5750ACE21ACA927C001AE9D4 = {
			isa = PBXGroup;
			children = (
				5750ACED1ACA927C001AE9D4 /* VFWifiSync */,
				5750AD071ACA927C001AE9D4 /* VFWifiSyncTests */,
				5750ACEC1ACA927C001AE9D4 /* Products */,
				4B12FD2F025E1670AD414F81 /* Pods */,
				9F2E89E036A2BABEFE86BF35 /* Frameworks */,
			);
			sourceTree = "<group>";
		};
		5750ACEC1ACA927C001AE9D4 /* Products */ = {
			isa = PBXGroup;
			children = (
				5750ACEB1ACA927C001AE9D4 /* VFWifiSync.app */,
				5750AD041ACA927C001AE9D4 /* VFWifiSyncTests.xctest */,
			);
			name = Products;
			sourceTree = "<group>";
		};
		5750ACED1ACA927C001AE9D4 /* VFWifiSync */ = {
			isa = PBXGroup;
			children = (
				578A13CE1ACB7BFB0038D80C /* Model */,
				5750ACF21ACA927C001AE9D4 /* AppDelegate.h */,
				5750ACF31ACA927C001AE9D4 /* AppDelegate.m */,
				5750ACF51ACA927C001AE9D4 /* VFHomeViewController.h */,
				5750ACF61ACA927C001AE9D4 /* VFHomeViewController.m */,
				5750ACF81ACA927C001AE9D4 /* Main.storyboard */,
				5750ACFB1ACA927C001AE9D4 /* Images.xcassets */,
				5750ACFD1ACA927C001AE9D4 /* LaunchScreen.xib */,
				5750ACEE1ACA927C001AE9D4 /* Supporting Files */,
			);
			path = VFWifiSync;
			sourceTree = "<group>";
		};
		5750ACEE1ACA927C001AE9D4 /* Supporting Files */ = {
			isa = PBXGroup;
			children = (
				5750ACEF1ACA927C001AE9D4 /* Info.plist */,
				5750ACF01ACA927C001AE9D4 /* main.m */,
			);
			name = "Supporting Files";
			sourceTree = "<group>";
		};
		5750AD071ACA927C001AE9D4 /* VFWifiSyncTests */ = {
			isa = PBXGroup;
			children = (
				5750AD0A1ACA927C001AE9D4 /* VFWifiSyncTests.m */,
				5750AD081ACA927C001AE9D4 /* Supporting Files */,
			);
			path = VFWifiSyncTests;
			sourceTree = "<group>";
		};
		5750AD081ACA927C001AE9D4 /* Supporting Files */ = {
			isa = PBXGroup;
			children = (
				5750AD091ACA927C001AE9D4 /* Info.plist */,
			);
			name = "Supporting Files";
			sourceTree = "<group>";
		};
		578A13CE1ACB7BFB0038D80C /* Model */ = {
			isa = PBXGroup;
			children = (
				578A13D41ACB8D590038D80C /* ServerProtocols.h */,
			);
			name = Model;
			sourceTree = "<group>";
		};
		9F2E89E036A2BABEFE86BF35 /* Frameworks */ = {
			isa = PBXGroup;
			children = (
				FD1ABC3F8F6D5A8392C4EE8F /* libPods.a */,
			);
			name = Frameworks;
			sourceTree = "<group>";
		};
/* End PBXGroup section */

/* Begin PBXNativeTarget section */
		5750ACEA1ACA927C001AE9D4 /* VFWifiSync */ = {
			isa = PBXNativeTarget;
			buildConfigurationList = 5750AD0E1ACA927C001AE9D4 /* Build configuration list for PBXNativeTarget "VFWifiSync" */;
			buildPhases = (
				608FA8E53AC555D97BD2E8FE /* Check Pods Manifest.lock */,
				5750ACE71ACA927C001AE9D4 /* Sources */,
				5750ACE81ACA927C001AE9D4 /* Frameworks */,
				5750ACE91ACA927C001AE9D4 /* Resources */,
				840EEC4B363626A0285F7E64 /* Copy Pods Resources */,
			);
			buildRules = (
			);
			dependencies = (
			);
			name = VFWifiSync;
			productName = VFWifiSync;
			productReference = 5750ACEB1ACA927C001AE9D4 /* VFWifiSync.app */;
			productType = "com.apple.product-type.application";
		};
		5750AD031ACA927C001AE9D4 /* VFWifiSyncTests */ = {
			isa = PBXNativeTarget;
			buildConfigurationList = 5750AD111ACA927C001AE9D4 /* Build configuration list for PBXNativeTarget "VFWifiSyncTests" */;
			buildPhases = (
				5750AD001ACA927C001AE9D4 /* Sources */,
				5750AD011ACA927C001AE9D4 /* Frameworks */,
				5750AD021ACA927C001AE9D4 /* Resources */,
			);
			buildRules = (
			);
			dependencies = (
				5750AD061ACA927C001AE9D4 /* PBXTargetDependency */,
			);
			name = VFWifiSyncTests;
			productName = VFWifiSyncTests;
			productReference = 5750AD041ACA927C001AE9D4 /* VFWifiSyncTests.xctest */;
			productType = "com.apple.product-type.bundle.unit-test";
		};
/* End PBXNativeTarget section */

/* Begin PBXProject section */
		5750ACE31ACA927C001AE9D4 /* Project object */ = {
			isa = PBXProject;
			attributes = {
				LastUpgradeCheck = 0610;
				ORGANIZATIONNAME = VF;
				TargetAttributes = {
					5750ACEA1ACA927C001AE9D4 = {
						CreatedOnToolsVersion = 6.1.1;
					};
					5750AD031ACA927C001AE9D4 = {
						CreatedOnToolsVersion = 6.1.1;
						TestTargetID = 5750ACEA1ACA927C001AE9D4;
					};
				};
			};
			buildConfigurationList = 5750ACE61ACA927C001AE9D4 /* Build configuration list for PBXProject "VFWifiSync" */;
			compatibilityVersion = "Xcode 3.2";
			developmentRegion = English;
			hasScannedForEncodings = 0;
			knownRegions = (
				en,
				Base,
			);
			mainGroup = 5750ACE21ACA927C001AE9D4;
			productRefGroup = 5750ACEC1ACA927C001AE9D4 /* Products */;
			projectDirPath = "";
			projectRoot = "";
			targets = (
				5750ACEA1ACA927C001AE9D4 /* VFWifiSync */,
				5750AD031ACA927C001AE9D4 /* VFWifiSyncTests */,
			);
		};
/* End PBXProject section */

/* Begin PBXResourcesBuildPhase section */
		5750ACE91ACA927C001AE9D4 /* Resources */ = {
			isa = PBXResourcesBuildPhase;
			buildActionMask = 2147483647;
			files = (
				5750ACFA1ACA927C001AE9D4 /* Main.storyboard in Resources */,
				5750ACFF1ACA927C001AE9D4 /* LaunchScreen.xib in Resources */,
				5750ACFC1ACA927C001AE9D4 /* Images.xcassets in Resources */,
			);
			runOnlyForDeploymentPostprocessing = 0;
		};
		5750AD021ACA927C001AE9D4 /* Resources */ = {
			isa = PBXResourcesBuildPhase;
			buildActionMask = 2147483647;
			files = (
			);
			runOnlyForDeploymentPostprocessing = 0;
		};
/* End PBXResourcesBuildPhase section */

/* Begin PBXShellScriptBuildPhase section */
		608FA8E53AC555D97BD2E8FE /* Check Pods Manifest.lock */ = {
			isa = PBXShellScriptBuildPhase;
			buildActionMask = 2147483647;
			files = (
			);
			inputPaths = (
			);
			name = "Check Pods Manifest.lock";
			outputPaths = (
			);
			runOnlyForDeploymentPostprocessing = 0;
			shellPath = /bin/sh;
			shellScript = "diff \"${PODS_ROOT}/../Podfile.lock\" \"${PODS_ROOT}/Manifest.lock\" > /dev/null\nif [[ $? != 0 ]] ; then\n    cat << EOM\nerror: The sandbox is not in sync with the Podfile.lock. Run 'pod install' or update your CocoaPods installation.\nEOM\n    exit 1\nfi\n";
			showEnvVarsInLog = 0;
		};
		840EEC4B363626A0285F7E64 /* Copy Pods Resources */ = {
			isa = PBXShellScriptBuildPhase;
			buildActionMask = 2147483647;
			files = (
			);
			inputPaths = (
			);
			name = "Copy Pods Resources";
			outputPaths = (
			);
			runOnlyForDeploymentPostprocessing = 0;
			shellPath = /bin/sh;
			shellScript = "\"${SRCROOT}/Pods/Target Support Files/Pods/Pods-resources.sh\"\n";
			showEnvVarsInLog = 0;
		};
/* End PBXShellScriptBuildPhase section */

/* Begin PBXSourcesBuildPhase section */
		5750ACE71ACA927C001AE9D4 /* Sources */ = {
			isa = PBXSourcesBuildPhase;
			buildActionMask = 2147483647;
			files = (
				5750ACF71ACA927C001AE9D4 /* VFHomeViewController.m in Sources */,
				5750ACF41ACA927C001AE9D4 /* AppDelegate.m in Sources */,
				5750ACF11ACA927C001AE9D4 /* main.m in Sources */,
			);
			runOnlyForDeploymentPostprocessing = 0;
		};
		5750AD001ACA927C001AE9D4 /* Sources */ = {
			isa = PBXSourcesBuildPhase;
			buildActionMask = 2147483647;
			files = (
				5750AD0B1ACA927C001AE9D4 /* VFWifiSyncTests.m in Sources */,
			);
			runOnlyForDeploymentPostprocessing = 0;
		};
/* End PBXSourcesBuildPhase section */

/* Begin PBXTargetDependency section */
		5750AD061ACA927C001AE9D4 /* PBXTargetDependency */ = {
			isa = PBXTargetDependency;
			target = 5750ACEA1ACA927C001AE9D4 /* VFWifiSync */;
			targetProxy = 5750AD051ACA927C001AE9D4 /* PBXContainerItemProxy */;
		};
/* End PBXTargetDependency section */

/* Begin PBXVariantGroup section */
		5750ACF81ACA927C001AE9D4 /* Main.storyboard */ = {
			isa = PBXVariantGroup;
			children = (
				5750ACF91ACA927C001AE9D4 /* Base */,
			);
			name = Main.storyboard;
			sourceTree = "<group>";
		};
		5750ACFD1ACA927C001AE9D4 /* LaunchScreen.xib */ = {
			isa = PBXVariantGroup;
			children = (
				5750ACFE1ACA927C001AE9D4 /* Base */,
			);
			name = LaunchScreen.xib;
			sourceTree = "<group>";
		};
/* End PBXVariantGroup section */

/* Begin XCBuildConfiguration section */
		5750AD0C1ACA927C001AE9D4 /* Debug */ = {
			isa = XCBuildConfiguration;
			buildSettings = {
				ALWAYS_SEARCH_USER_PATHS = NO;
				CLANG_CXX_LANGUAGE_STANDARD = "gnu++0x";
				CLANG_CXX_LIBRARY = "libc++";
				CLANG_ENABLE_MODULES = YES;
				CLANG_ENABLE_OBJC_ARC = YES;
				CLANG_WARN_BOOL_CONVERSION = YES;
				CLANG_WARN_CONSTANT_CONVERSION = YES;
				CLANG_WARN_DIRECT_OBJC_ISA_USAGE = YES_ERROR;
				CLANG_WARN_EMPTY_BODY = YES;
				CLANG_WARN_ENUM_CONVERSION = YES;
				CLANG_WARN_INT_CONVERSION = YES;
				CLANG_WARN_OBJC_ROOT_CLASS = YES_ERROR;
				CLANG_WARN_UNREACHABLE_CODE = YES;
				CLANG_WARN__DUPLICATE_METHOD_MATCH = YES;
				"CODE_SIGN_IDENTITY[sdk=iphoneos*]" = "iPhone Developer";
				COPY_PHASE_STRIP = NO;
				ENABLE_STRICT_OBJC_MSGSEND = YES;
				GCC_C_LANGUAGE_STANDARD = gnu99;
				GCC_DYNAMIC_NO_PIC = NO;
				GCC_OPTIMIZATION_LEVEL = 0;
				GCC_PREPROCESSOR_DEFINITIONS = (
					"DEBUG=1",
					"$(inherited)",
				);
				GCC_SYMBOLS_PRIVATE_EXTERN = NO;
				GCC_WARN_64_TO_32_BIT_CONVERSION = YES;
				GCC_WARN_ABOUT_RETURN_TYPE = YES_ERROR;
				GCC_WARN_UNDECLARED_SELECTOR = YES;
				GCC_WARN_UNINITIALIZED_AUTOS = YES_AGGRESSIVE;
				GCC_WARN_UNUSED_FUNCTION = YES;
				GCC_WARN_UNUSED_VARIABLE = YES;
				IPHONEOS_DEPLOYMENT_TARGET = 8.1;
				MTL_ENABLE_DEBUG_INFO = YES;
				ONLY_ACTIVE_ARCH = YES;
				SDKROOT = iphoneos;
				TARGETED_DEVICE_FAMILY = "1,2";
			};
			name = Debug;
		};
		5750AD0D1ACA927C001AE9D4 /* Release */ = {
			isa = XCBuildConfiguration;
			buildSettings = {
				ALWAYS_SEARCH_USER_PATHS = NO;
				CLANG_CXX_LANGUAGE_STANDARD = "gnu++0x";
				CLANG_CXX_LIBRARY = "libc++";
				CLANG_ENABLE_MODULES = YES;
				CLANG_ENABLE_OBJC_ARC = YES;
				CLANG_WARN_BOOL_CONVERSION = YES;
				CLANG_WARN_CONSTANT_CONVERSION = YES;
				CLANG_WARN_DIRECT_OBJC_ISA_USAGE = YES_ERROR;
				CLANG_WARN_EMPTY_BODY = YES;
				CLANG_WARN_ENUM_CONVERSION = YES;
				CLANG_WARN_INT_CONVERSION = YES;
				CLANG_WARN_OBJC_ROOT_CLASS = YES_ERROR;
				CLANG_WARN_UNREACHABLE_CODE = YES;
				CLANG_WARN__DUPLICATE_METHOD_MATCH = YES;
				"CODE_SIGN_IDENTITY[sdk=iphoneos*]" = "iPhone Developer";
				COPY_PHASE_STRIP = YES;
				ENABLE_NS_ASSERTIONS = NO;
				ENABLE_STRICT_OBJC_MSGSEND = YES;
				GCC_C_LANGUAGE_STANDARD = gnu99;
				GCC_WARN_64_TO_32_BIT_CONVERSION = YES;
				GCC_WARN_ABOUT_RETURN_TYPE = YES_ERROR;
				GCC_WARN_UNDECLARED_SELECTOR = YES;
				GCC_WARN_UNINITIALIZED_AUTOS = YES_AGGRESSIVE;
				GCC_WARN_UNUSED_FUNCTION = YES;
				GCC_WARN_UNUSED_VARIABLE = YES;
				IPHONEOS_DEPLOYMENT_TARGET = 8.1;
				MTL_ENABLE_DEBUG_INFO = NO;
				SDKROOT = iphoneos;
				TARGETED_DEVICE_FAMILY = "1,2";
				VALIDATE_PRODUCT = YES;
			};
			name = Release;
		};
		5750AD0F1ACA927C001AE9D4 /* Debug */ = {
			isa = XCBuildConfiguration;
			baseConfigurationReference = F88EB7DABF718A951A906604 /* Pods.debug.xcconfig */;
			buildSettings = {
				ASSETCATALOG_COMPILER_APPICON_NAME = AppIcon;
				CODE_SIGN_IDENTITY = "iPhone Developer";
				INFOPLIST_FILE = VFWifiSync/Info.plist;
				LD_RUNPATH_SEARCH_PATHS = "$(inherited) @executable_path/Frameworks";
				PRODUCT_NAME = "$(TARGET_NAME)";
				TARGETED_DEVICE_FAMILY = 1;
			};
			name = Debug;
		};
		5750AD101ACA927C001AE9D4 /* Release */ = {
			isa = XCBuildConfiguration;
			baseConfigurationReference = DCB954580450E2F9F6A5D487 /* Pods.release.xcconfig */;
			buildSettings = {
				ASSETCATALOG_COMPILER_APPICON_NAME = AppIcon;
				CODE_SIGN_IDENTITY = "iPhone Developer";
				INFOPLIST_FILE = VFWifiSync/Info.plist;
				LD_RUNPATH_SEARCH_PATHS = "$(inherited) @executable_path/Frameworks";
				PRODUCT_NAME = "$(TARGET_NAME)";
				TARGETED_DEVICE_FAMILY = 1;
			};
			name = Release;
		};
		5750AD121ACA927C001AE9D4 /* Debug */ = {
			isa = XCBuildConfiguration;
			buildSettings = {
				BUNDLE_LOADER = "$(TEST_HOST)";
				FRAMEWORK_SEARCH_PATHS = (
					"$(SDKROOT)/Developer/Library/Frameworks",
					"$(inherited)",
				);
				GCC_PREPROCESSOR_DEFINITIONS = (
					"DEBUG=1",
					"$(inherited)",
				);
				INFOPLIST_FILE = VFWifiSyncTests/Info.plist;
				LD_RUNPATH_SEARCH_PATHS = "$(inherited) @executable_path/Frameworks @loader_path/Frameworks";
				PRODUCT_NAME = "$(TARGET_NAME)";
				TEST_HOST = "$(BUILT_PRODUCTS_DIR)/VFWifiSync.app/VFWifiSync";
			};
			name = Debug;
		};
		5750AD131ACA927C001AE9D4 /* Release */ = {
			isa = XCBuildConfiguration;
			buildSettings = {
				BUNDLE_LOADER = "$(TEST_HOST)";
				FRAMEWORK_SEARCH_PATHS = (
					"$(SDKROOT)/Developer/Library/Frameworks",
					"$(inherited)",
				);
				INFOPLIST_FILE = VFWifiSyncTests/Info.plist;
				LD_RUNPATH_SEARCH_PATHS = "$(inherited) @executable_path/Frameworks @loader_path/Frameworks";
				PRODUCT_NAME = "$(TARGET_NAME)";
				TEST_HOST = "$(BUILT_PRODUCTS_DIR)/VFWifiSync.app/VFWifiSync";
			};
			name = Release;
		};
/* End XCBuildConfiguration section */

/* Begin XCConfigurationList section */
		5750ACE61ACA927C001AE9D4 /* Build configuration list for PBXProject "VFWifiSync" */ = {
			isa = XCConfigurationList;
			buildConfigurations = (
				5750AD0C1ACA927C001AE9D4 /* Debug */,
				5750AD0D1ACA927C001AE9D4 /* Release */,
			);
			defaultConfigurationIsVisible = 0;
			defaultConfigurationName = Release;
		};
		5750AD0E1ACA927C001AE9D4 /* Build configuration list for PBXNativeTarget "VFWifiSync" */ = {
			isa = XCConfigurationList;
			buildConfigurations = (
				5750AD0F1ACA927C001AE9D4 /* Debug */,
				5750AD101ACA927C001AE9D4 /* Release */,
			);
			defaultConfigurationIsVisible = 0;
			defaultConfigurationName = Release;
		};
		5750AD111ACA927C001AE9D4 /* Build configuration list for PBXNativeTarget "VFWifiSyncTests" */ = {
			isa = XCConfigurationList;
			buildConfigurations = (
				5750AD121ACA927C001AE9D4 /* Debug */,
				5750AD131ACA927C001AE9D4 /* Release */,
			);
			defaultConfigurationIsVisible = 0;
			defaultConfigurationName = Release;
		};
/* End XCConfigurationList section */
	};
	rootObject = 5750ACE31ACA927C001AE9D4 /* Project object */;
}
